Microsoft Visual Studio Solution File, Format Version 12.00
# Visual Studio Version 17
VisualStudioVersion = 17.5.2.0
MinimumVisualStudioVersion = 10.0.40219.1
Project("{FAE04EC0-301F-11D3-BF4B-00C04F79EFBC}") = "MiniFileExplorer", "MiniFileExplorer.csproj", "{2CB43DE4-7098-2F13-4D1E-EB193865DD5C}"
EndProject
Global
	GlobalSection(SolutionConfigurationPlatforms) = preSolution
		Debug|Any CPU = Debug|Any CPU
		Release|Any CPU = Release|Any CPU
	EndGlobalSection
	GlobalSection(ProjectConfigurationPlatforms) = postSolution
		{2CB43DE4-7098-2F13-4D1E-EB193865DD5C}.Debug|Any CPU.ActiveCfg = Debug|Any CPU
		{2CB43DE4-7098-2F13-4D1E-EB193865DD5C}.Debug|Any CPU.Build.0 = Debug|Any CPU
		{2CB43DE4-7098-2F13-4D1E-EB193865DD5C}.Release|Any CPU.ActiveCfg = Release|Any CPU
		{2CB43DE4-7098-2F13-4D1E-EB193865DD5C}.Release|Any CPU.Build.0 = Release|Any CPU
	EndGlobalSection
	GlobalSection(SolutionProperties) = preSolution
		HideSolutionNode = FALSE
	EndGlobalSection
	GlobalSection(ExtensibilityGlobals) = postSolution
		SolutionGuid = {E63E771E-A8F9-411A-B120-78CDAB0F2D34}
	EndGlobalSection
EndGlobal
