Microsoft Visual Studio Solution File, Format Version 12.00
# Visual Studio Version 17
VisualStudioVersion = 17.5.2.0
MinimumVisualStudioVersion = 10.0.40219.1
Project("{FAE04EC0-301F-11D3-BF4B-00C04F79EFBC}") = "SimpleWatchBot", "SimpleWatchBot\SimpleWatchBot.csproj", "{D36D7B83-4059-6A1D-0B75-14E1AF2EDFF4}"
EndProject
Global
	GlobalSection(SolutionConfigurationPlatforms) = preSolution
		Debug|Any CPU = Debug|Any CPU
		Release|Any CPU = Release|Any CPU
	EndGlobalSection
	GlobalSection(ProjectConfigurationPlatforms) = postSolution
		{D36D7B83-4059-6A1D-0B75-14E1AF2EDFF4}.Debug|Any CPU.ActiveCfg = Debug|Any CPU
		{D36D7B83-4059-6A1D-0B75-14E1AF2EDFF4}.Debug|Any CPU.Build.0 = Debug|Any CPU
		{D36D7B83-4059-6A1D-0B75-14E1AF2EDFF4}.Release|Any CPU.ActiveCfg = Release|Any CPU
		{D36D7B83-4059-6A1D-0B75-14E1AF2EDFF4}.Release|Any CPU.Build.0 = Release|Any CPU
	EndGlobalSection
	GlobalSection(SolutionProperties) = preSolution
		HideSolutionNode = FALSE
	EndGlobalSection
	GlobalSection(ExtensibilityGlobals) = postSolution
		SolutionGuid = {00C00A8E-8328-48AE-8AC1-3B0ED84F4D83}
	EndGlobalSection
EndGlobal
