Microsoft Visual Studio Solution File, Format Version 12.00
# Visual Studio Version 17
VisualStudioVersion = 17.5.2.0
MinimumVisualStudioVersion = 10.0.40219.1
Project("{FAE04EC0-301F-11D3-BF4B-00C04F79EFBC}") = "DailyTaskBot", "DailyTaskBot.csproj", "{863DD0BF-95F9-C586-1A11-A28BEE368339}"
EndProject
Global
	GlobalSection(SolutionConfigurationPlatforms) = preSolution
		Debug|Any CPU = Debug|Any CPU
		Release|Any CPU = Release|Any CPU
	EndGlobalSection
	GlobalSection(ProjectConfigurationPlatforms) = postSolution
		{863DD0BF-95F9-C586-1A11-A28BEE368339}.Debug|Any CPU.ActiveCfg = Debug|Any CPU
		{863DD0BF-95F9-C586-1A11-A28BEE368339}.Debug|Any CPU.Build.0 = Debug|Any CPU
		{863DD0BF-95F9-C586-1A11-A28BEE368339}.Release|Any CPU.ActiveCfg = Release|Any CPU
		{863DD0BF-95F9-C586-1A11-A28BEE368339}.Release|Any CPU.Build.0 = Release|Any CPU
	EndGlobalSection
	GlobalSection(SolutionProperties) = preSolution
		HideSolutionNode = FALSE
	EndGlobalSection
	GlobalSection(ExtensibilityGlobals) = postSolution
		SolutionGuid = {FE43D505-9B88-4BCE-BD19-D90C8E4B57DD}
	EndGlobalSection
EndGlobal
