Microsoft Visual Studio Solution File, Format Version 12.00
# Visual Studio Version 17
VisualStudioVersion = 17.5.2.0
MinimumVisualStudioVersion = 10.0.40219.1
Project("{FAE04EC0-301F-11D3-BF4B-00C04F79EFBC}") = "SofiyaBotApplication", "SofiyaBotApplication.csproj", "{43CC2FED-AE9B-0AC5-30F0-CDDC10AB7BEC}"
EndProject
Global
	GlobalSection(SolutionConfigurationPlatforms) = preSolution
		Debug|Any CPU = Debug|Any CPU
		Release|Any CPU = Release|Any CPU
	EndGlobalSection
	GlobalSection(ProjectConfigurationPlatforms) = postSolution
		{43CC2FED-AE9B-0AC5-30F0-CDDC10AB7BEC}.Debug|Any CPU.ActiveCfg = Debug|Any CPU
		{43CC2FED-AE9B-0AC5-30F0-CDDC10AB7BEC}.Debug|Any CPU.Build.0 = Debug|Any CPU
		{43CC2FED-AE9B-0AC5-30F0-CDDC10AB7BEC}.Release|Any CPU.ActiveCfg = Release|Any CPU
		{43CC2FED-AE9B-0AC5-30F0-CDDC10AB7BEC}.Release|Any CPU.Build.0 = Release|Any CPU
	EndGlobalSection
	GlobalSection(SolutionProperties) = preSolution
		HideSolutionNode = FALSE
	EndGlobalSection
	GlobalSection(ExtensibilityGlobals) = postSolution
		SolutionGuid = {E685345B-E5D3-4539-8CA9-07E6C7629337}
	EndGlobalSection
EndGlobal
