Microsoft Visual Studio Solution File, Format Version 12.00
# Visual Studio Version 17
VisualStudioVersion = 17.5.2.0
MinimumVisualStudioVersion = 10.0.40219.1
Project("{FAE04EC0-301F-11D3-BF4B-00C04F79EFBC}") = "DigitalWatchBot", "DigitalWatchBot.csproj", "{48E1D935-0F85-516E-2178-0B45D3EDA885}"
EndProject
Global
	GlobalSection(SolutionConfigurationPlatforms) = preSolution
		Debug|Any CPU = Debug|Any CPU
		Release|Any CPU = Release|Any CPU
	EndGlobalSection
	GlobalSection(ProjectConfigurationPlatforms) = postSolution
		{48E1D935-0F85-516E-2178-0B45D3EDA885}.Debug|Any CPU.ActiveCfg = Debug|Any CPU
		{48E1D935-0F85-516E-2178-0B45D3EDA885}.Debug|Any CPU.Build.0 = Debug|Any CPU
		{48E1D935-0F85-516E-2178-0B45D3EDA885}.Release|Any CPU.ActiveCfg = Release|Any CPU
		{48E1D935-0F85-516E-2178-0B45D3EDA885}.Release|Any CPU.Build.0 = Release|Any CPU
	EndGlobalSection
	GlobalSection(SolutionProperties) = preSolution
		HideSolutionNode = FALSE
	EndGlobalSection
	GlobalSection(ExtensibilityGlobals) = postSolution
		SolutionGuid = {91B7167F-58ED-4D4B-974E-74279F3B6A49}
	EndGlobalSection
EndGlobal
